// !$*UTF8*$!
{
	archiveVersion = 1;
	classes = {
	};
	objectVersion = 51;
	objects = {

/* Begin PBXBuildFile section */
		A000FB7F2417C34B00D06E93 /* PDFReader+UIKit.swift in Sources */ = {isa = PBXBuildFile; fileRef = A0E85B8824125AAD0024C66D /* PDFReader+UIKit.swift */; };
		A000FB802417C34B00D06E93 /* AppDelegate.swift in Sources */ = {isa = PBXBuildFile; fileRef = 5FCEB917240C536200F9885A /* AppDelegate.swift */; };
		A000FB812417C34B00D06E93 /* PDFReaderView.swift in Sources */ = {isa = PBXBuildFile; fileRef = 5FCEB919240C536200F9885A /* PDFReaderView.swift */; };
		A000FB822417C35400D06E93 /* apple.pdf in Resources */ = {isa = PBXBuildFile; fileRef = A0E85BB024129E700024C66D /* apple.pdf */; };
		A000FB842417C41500D06E93 /* Assets.xcassets in Resources */ = {isa = PBXBuildFile; fileRef = 5FCEB91B240C536300F9885A /* Assets.xcassets */; };
		A000FB852417C41500D06E93 /* Preview Assets.xcassets in Resources */ = {isa = PBXBuildFile; fileRef = 5FCEB91E240C536300F9885A /* Preview Assets.xcassets */; };
		A000FB872417D6C900D06E93 /* OHPDFImage.swift in Sources */ = {isa = PBXBuildFile; fileRef = A000FB862417D6C900D06E93 /* OHPDFImage.swift */; };
		A000FB8924180E1C00D06E93 /* OHPDFImageView.swift in Sources */ = {isa = PBXBuildFile; fileRef = A000FB8824180E1C00D06E93 /* OHPDFImageView.swift */; };
		A000FB8B241815D500D06E93 /* ContentView.swift in Sources */ = {isa = PBXBuildFile; fileRef = A000FB8A241815D500D06E93 /* ContentView.swift */; };
		EB5B4409B75C1A657ABEFC1D /* Pods_Example.framework in Frameworks */ = {isa = PBXBuildFile; fileRef = C3D3DB82471C3E3498982E23 /* Pods_Example.framework */; };
/* End PBXBuildFile section */

/* Begin PBXFileReference section */
		1471E208140806F068F5BB82 /* Pods-PDFReaderDemo.release.xcconfig */ = {isa = PBXFileReference; includeInIndex = 1; lastKnownFileType = text.xcconfig; name = "Pods-PDFReaderDemo.release.xcconfig"; path = "Target Support Files/Pods-PDFReaderDemo/Pods-PDFReaderDemo.release.xcconfig"; sourceTree = "<group>"; };
		4101A69CC9798DC8EDFF24BB /* libPods-PDFReaderDemo.a */ = {isa = PBXFileReference; explicitFileType = archive.ar; includeInIndex = 0; path = "libPods-PDFReaderDemo.a"; sourceTree = BUILT_PRODUCTS_DIR; };
		57559918DE6EA7125CD44D36 /* Pods-Example.debug.xcconfig */ = {isa = PBXFileReference; includeInIndex = 1; lastKnownFileType = text.xcconfig; name = "Pods-Example.debug.xcconfig"; path = "Target Support Files/Pods-Example/Pods-Example.debug.xcconfig"; sourceTree = "<group>"; };
		5FCEB917240C536200F9885A /* AppDelegate.swift */ = {isa = PBXFileReference; lastKnownFileType = sourcecode.swift; path = AppDelegate.swift; sourceTree = "<group>"; };
		5FCEB919240C536200F9885A /* PDFReaderView.swift */ = {isa = PBXFileReference; lastKnownFileType = sourcecode.swift; path = PDFReaderView.swift; sourceTree = "<group>"; };
		5FCEB91B240C536300F9885A /* Assets.xcassets */ = {isa = PBXFileReference; lastKnownFileType = folder.assetcatalog; path = Assets.xcassets; sourceTree = "<group>"; };
		5FCEB91E240C536300F9885A /* Preview Assets.xcassets */ = {isa = PBXFileReference; lastKnownFileType = folder.assetcatalog; path = "Preview Assets.xcassets"; sourceTree = "<group>"; };
		5FCEB921240C536300F9885A /* Base */ = {isa = PBXFileReference; lastKnownFileType = file.storyboard; name = Base; path = Base.lproj/LaunchScreen.storyboard; sourceTree = "<group>"; };
		5FCEB923240C536300F9885A /* Info.plist */ = {isa = PBXFileReference; lastKnownFileType = text.plist.xml; path = Info.plist; sourceTree = "<group>"; };
		69665156C9B316AA6BF7EAF8 /* Pods-Example.release.xcconfig */ = {isa = PBXFileReference; includeInIndex = 1; lastKnownFileType = text.xcconfig; name = "Pods-Example.release.xcconfig"; path = "Target Support Files/Pods-Example/Pods-Example.release.xcconfig"; sourceTree = "<group>"; };
		92FACBF52439AD38C8EDCC31 /* Pods-PDFReader.debug.xcconfig */ = {isa = PBXFileReference; includeInIndex = 1; lastKnownFileType = text.xcconfig; name = "Pods-PDFReader.debug.xcconfig"; path = "Target Support Files/Pods-PDFReader/Pods-PDFReader.debug.xcconfig"; sourceTree = "<group>"; };
		A000FB512417BD4600D06E93 /* CoreFoundation.framework */ = {isa = PBXFileReference; lastKnownFileType = wrapper.framework; name = CoreFoundation.framework; path = Platforms/AppleTVOS.platform/Developer/SDKs/AppleTVOS13.2.sdk/System/Library/Frameworks/CoreFoundation.framework; sourceTree = DEVELOPER_DIR; };
		A000FB6D2417BFE000D06E93 /* Example.app */ = {isa = PBXFileReference; explicitFileType = wrapper.application; includeInIndex = 0; path = Example.app; sourceTree = BUILT_PRODUCTS_DIR; };
		A000FB862417D6C900D06E93 /* OHPDFImage.swift */ = {isa = PBXFileReference; lastKnownFileType = sourcecode.swift; path = OHPDFImage.swift; sourceTree = "<group>"; };
		A000FB8824180E1C00D06E93 /* OHPDFImageView.swift */ = {isa = PBXFileReference; lastKnownFileType = sourcecode.swift; path = OHPDFImageView.swift; sourceTree = "<group>"; };
		A000FB8A241815D500D06E93 /* ContentView.swift */ = {isa = PBXFileReference; lastKnownFileType = sourcecode.swift; path = ContentView.swift; sourceTree = "<group>"; };
		A0E85B8824125AAD0024C66D /* PDFReader+UIKit.swift */ = {isa = PBXFileReference; lastKnownFileType = sourcecode.swift; path = "PDFReader+UIKit.swift"; sourceTree = "<group>"; };
		A0E85BB024129E700024C66D /* apple.pdf */ = {isa = PBXFileReference; lastKnownFileType = image.pdf; path = apple.pdf; sourceTree = "<group>"; };
		AA040A69A9CB94150F2BBDF9 /* Pods-PDFReaderDemo.debug.xcconfig */ = {isa = PBXFileReference; includeInIndex = 1; lastKnownFileType = text.xcconfig; name = "Pods-PDFReaderDemo.debug.xcconfig"; path = "Target Support Files/Pods-PDFReaderDemo/Pods-PDFReaderDemo.debug.xcconfig"; sourceTree = "<group>"; };
		C3D3DB82471C3E3498982E23 /* Pods_Example.framework */ = {isa = PBXFileReference; explicitFileType = wrapper.framework; includeInIndex = 0; path = Pods_Example.framework; sourceTree = BUILT_PRODUCTS_DIR; };
		FA99C3B75F43FCE14CCA4D5C /* Pods-PDFReader.release.xcconfig */ = {isa = PBXFileReference; includeInIndex = 1; lastKnownFileType = text.xcconfig; name = "Pods-PDFReader.release.xcconfig"; path = "Target Support Files/Pods-PDFReader/Pods-PDFReader.release.xcconfig"; sourceTree = "<group>"; };
/* End PBXFileReference section */

/* Begin PBXFrameworksBuildPhase section */
		A000FB6A2417BFE000D06E93 /* Frameworks */ = {
			isa = PBXFrameworksBuildPhase;
			buildActionMask = 2147483647;
			files = (
				EB5B4409B75C1A657ABEFC1D /* Pods_Example.framework in Frameworks */,
			);
			runOnlyForDeploymentPostprocessing = 0;
		};
/* End PBXFrameworksBuildPhase section */

/* Begin PBXGroup section */
		14083FCF1D4A953900909913 = {
			isa = PBXGroup;
			children = (
				5FCEB916240C536200F9885A /* Example */,
				14083FDA1D4A953900909913 /* Products */,
				A0E85B8A24125BAA0024C66D /* Frameworks */,
				46572382B3C0906C86303628 /* Pods */,
			);
			sourceTree = "<group>";
		};
		14083FDA1D4A953900909913 /* Products */ = {
			isa = PBXGroup;
			children = (
				A000FB6D2417BFE000D06E93 /* Example.app */,
			);
			name = Products;
			sourceTree = "<group>";
		};
		46572382B3C0906C86303628 /* Pods */ = {
			isa = PBXGroup;
			children = (
				92FACBF52439AD38C8EDCC31 /* Pods-PDFReader.debug.xcconfig */,
				FA99C3B75F43FCE14CCA4D5C /* Pods-PDFReader.release.xcconfig */,
				AA040A69A9CB94150F2BBDF9 /* Pods-PDFReaderDemo.debug.xcconfig */,
				1471E208140806F068F5BB82 /* Pods-PDFReaderDemo.release.xcconfig */,
				57559918DE6EA7125CD44D36 /* Pods-Example.debug.xcconfig */,
				69665156C9B316AA6BF7EAF8 /* Pods-Example.release.xcconfig */,
			);
			path = Pods;
			sourceTree = "<group>";
		};
		5FCEB916240C536200F9885A /* Example */ = {
			isa = PBXGroup;
			children = (
				A0E85BAF24129B0F0024C66D /* PDFs */,
				A000FB862417D6C900D06E93 /* OHPDFImage.swift */,
				A0E85B8824125AAD0024C66D /* PDFReader+UIKit.swift */,
				5FCEB917240C536200F9885A /* AppDelegate.swift */,
				5FCEB919240C536200F9885A /* PDFReaderView.swift */,
				A000FB8824180E1C00D06E93 /* OHPDFImageView.swift */,
				A000FB8A241815D500D06E93 /* ContentView.swift */,
				5FCEB91B240C536300F9885A /* Assets.xcassets */,
				5F28F562269CDEBA0084151B /* ExamplePDFs */,
				5FCEB920240C536300F9885A /* LaunchScreen.storyboard */,
				5FCEB923240C536300F9885A /* Info.plist */,
				5FCEB91D240C536300F9885A /* Preview Content */,
				5F28F59E269CEA730084151B /* PDFDocumentObject.swift */,
			);
			path = Example;
			sourceTree = "<group>";
		};
		5FCEB91D240C536300F9885A /* Preview Content */ = {
			isa = PBXGroup;
			children = (
				5FCEB91E240C536300F9885A /* Preview Assets.xcassets */,
			);
			path = "Preview Content";
			sourceTree = "<group>";
		};
		A0E85B8A24125BAA0024C66D /* Frameworks */ = {
			isa = PBXGroup;
			children = (
				A000FB512417BD4600D06E93 /* CoreFoundation.framework */,
				4101A69CC9798DC8EDFF24BB /* libPods-PDFReaderDemo.a */,
				C3D3DB82471C3E3498982E23 /* Pods_Example.framework */,
			);
			name = Frameworks;
			sourceTree = "<group>";
		};
		A0E85BAF24129B0F0024C66D /* PDFs */ = {
			isa = PBXGroup;
			children = (
				A0E85BB024129E700024C66D /* apple.pdf */,
			);
			path = PDFs;
			sourceTree = "<group>";
		};
/* End PBXGroup section */

/* Begin PBXNativeTarget section */
		A000FB6C2417BFE000D06E93 /* Example */ = {
			isa = PBXNativeTarget;
			buildConfigurationList = A000FB7C2417BFE000D06E93 /* Build configuration list for PBXNativeTarget "Example" */;
			buildPhases = (
				1A80061003B5D293FAE911CE /* [CP] Check Pods Manifest.lock */,
				A000FB692417BFE000D06E93 /* Sources */,
				A000FB6A2417BFE000D06E93 /* Frameworks */,
				A000FB6B2417BFE000D06E93 /* Resources */,
				5867168C0ED91A6EDEA97087 /* [CP] Embed Pods Frameworks */,
			);
			buildRules = (
			);
			dependencies = (
			);
			name = Example;
			productName = Example;
			productReference = A000FB6D2417BFE000D06E93 /* Example.app */;
			productType = "com.apple.product-type.application";
		};
/* End PBXNativeTarget section */

/* Begin PBXProject section */
		14083FD01D4A953900909913 /* Project object */ = {
			isa = PBXProject;
			attributes = {
				LastSwiftUpdateCheck = 1130;
				LastUpgradeCheck = 1250;
				ORGANIZATIONNAME = mytrus;
				TargetAttributes = {
					A000FB6C2417BFE000D06E93 = {
						CreatedOnToolsVersion = 11.3.1;
					};
				};
			};
			buildConfigurationList = 14083FD31D4A953900909913 /* Build configuration list for PBXProject "PDFReader" */;
			compatibilityVersion = "Xcode 10.0";
			developmentRegion = en;
			hasScannedForEncodings = 0;
			knownRegions = (
				en,
				Base,
			);
			mainGroup = 14083FCF1D4A953900909913;
			productRefGroup = 14083FDA1D4A953900909913 /* Products */;
			projectDirPath = "";
			projectRoot = "";
			targets = (
				A000FB6C2417BFE000D06E93 /* Example */,
			);
		};
/* End PBXProject section */

/* Begin PBXResourcesBuildPhase section */
		A000FB6B2417BFE000D06E93 /* Resources */ = {
			isa = PBXResourcesBuildPhase;
			buildActionMask = 2147483647;
			files = (
				A000FB842417C41500D06E93 /* Assets.xcassets in Resources */,
				A000FB852417C41500D06E93 /* Preview Assets.xcassets in Resources */,
				A000FB822417C35400D06E93 /* apple.pdf in Resources */,
			);
			runOnlyForDeploymentPostprocessing = 0;
		};
/* End PBXResourcesBuildPhase section */

/* Begin PBXShellScriptBuildPhase section */
		1A80061003B5D293FAE911CE /* [CP] Check Pods Manifest.lock */ = {
			isa = PBXShellScriptBuildPhase;
			buildActionMask = 2147483647;
			files = (
			);
			inputFileListPaths = (
			);
			inputPaths = (
				"${PODS_PODFILE_DIR_PATH}/Podfile.lock",
				"${PODS_ROOT}/Manifest.lock",
			);
			name = "[CP] Check Pods Manifest.lock";
			outputFileListPaths = (
			);
			outputPaths = (
				"$(DERIVED_FILE_DIR)/Pods-Example-checkManifestLockResult.txt",
			);
			runOnlyForDeploymentPostprocessing = 0;
			shellPath = /bin/sh;
			shellScript = "diff \"${PODS_PODFILE_DIR_PATH}/Podfile.lock\" \"${PODS_ROOT}/Manifest.lock\" > /dev/null\nif [ $? != 0 ] ; then\n    # print error to STDERR\n    echo \"error: The sandbox is not in sync with the Podfile.lock. Run 'pod install' or update your CocoaPods installation.\" >&2\n    exit 1\nfi\n# This output is used by Xcode 'outputs' to avoid re-running this script phase.\necho \"SUCCESS\" > \"${SCRIPT_OUTPUT_FILE_0}\"\n";
			showEnvVarsInLog = 0;
		};
		5867168C0ED91A6EDEA97087 /* [CP] Embed Pods Frameworks */ = {
			isa = PBXShellScriptBuildPhase;
			buildActionMask = 2147483647;
			files = (
			);
			inputFileListPaths = (
				"${PODS_ROOT}/Target Support Files/Pods-Example/Pods-Example-frameworks-${CONFIGURATION}-input-files.xcfilelist",
			);
			name = "[CP] Embed Pods Frameworks";
			outputFileListPaths = (
				"${PODS_ROOT}/Target Support Files/Pods-Example/Pods-Example-frameworks-${CONFIGURATION}-output-files.xcfilelist",
			);
			runOnlyForDeploymentPostprocessing = 0;
			shellPath = /bin/sh;
			shellScript = "\"${PODS_ROOT}/Target Support Files/Pods-Example/Pods-Example-frameworks.sh\"\n";
			showEnvVarsInLog = 0;
		};
/* End PBXShellScriptBuildPhase section */

/* Begin PBXSourcesBuildPhase section */
		A000FB692417BFE000D06E93 /* Sources */ = {
			isa = PBXSourcesBuildPhase;
			buildActionMask = 2147483647;
			files = (
				A000FB7F2417C34B00D06E93 /* PDFReader+UIKit.swift in Sources */,
				A000FB802417C34B00D06E93 /* AppDelegate.swift in Sources */,
				A000FB8B241815D500D06E93 /* ContentView.swift in Sources */,
				A000FB872417D6C900D06E93 /* OHPDFImage.swift in Sources */,
				A000FB812417C34B00D06E93 /* PDFReaderView.swift in Sources */,
				A000FB8924180E1C00D06E93 /* OHPDFImageView.swift in Sources */,
			);
			runOnlyForDeploymentPostprocessing = 0;
		};
/* End PBXSourcesBuildPhase section */

/* Begin PBXVariantGroup section */
		5FCEB920240C536300F9885A /* LaunchScreen.storyboard */ = {
			isa = PBXVariantGroup;
			children = (
				5FCEB921240C536300F9885A /* Base */,
			);
			name = LaunchScreen.storyboard;
			sourceTree = "<group>";
		};
/* End PBXVariantGroup section */

/* Begin XCBuildConfiguration section */
		14083FDF1D4A953900909913 /* Debug */ = {
			isa = XCBuildConfiguration;
			buildSettings = {
				ALWAYS_SEARCH_USER_PATHS = NO;
				CLANG_ANALYZER_LOCALIZABILITY_NONLOCALIZED = YES;
				CLANG_ANALYZER_NONNULL = YES;
				CLANG_CXX_LANGUAGE_STANDARD = "gnu++0x";
				CLANG_CXX_LIBRARY = "libc++";
				CLANG_ENABLE_MODULES = YES;
				CLANG_ENABLE_OBJC_ARC = YES;
				CLANG_WARN_BLOCK_CAPTURE_AUTORELEASING = YES;
				CLANG_WARN_BOOL_CONVERSION = YES;
				CLANG_WARN_COMMA = YES;
				CLANG_WARN_CONSTANT_CONVERSION = YES;
				CLANG_WARN_DEPRECATED_OBJC_IMPLEMENTATIONS = YES;
				CLANG_WARN_DIRECT_OBJC_ISA_USAGE = YES_ERROR;
				CLANG_WARN_EMPTY_BODY = YES;
				CLANG_WARN_ENUM_CONVERSION = YES;
				CLANG_WARN_INFINITE_RECURSION = YES;
				CLANG_WARN_INT_CONVERSION = YES;
				CLANG_WARN_NON_LITERAL_NULL_CONVERSION = YES;
				CLANG_WARN_OBJC_IMPLICIT_RETAIN_SELF = YES;
				CLANG_WARN_OBJC_LITERAL_CONVERSION = YES;
				CLANG_WARN_OBJC_ROOT_CLASS = YES_ERROR;
				CLANG_WARN_QUOTED_INCLUDE_IN_FRAMEWORK_HEADER = YES;
				CLANG_WARN_RANGE_LOOP_ANALYSIS = YES;
				CLANG_WARN_STRICT_PROTOTYPES = YES;
				CLANG_WARN_SUSPICIOUS_MOVE = YES;
				CLANG_WARN_UNREACHABLE_CODE = YES;
				CLANG_WARN__DUPLICATE_METHOD_MATCH = YES;
				"CODE_SIGN_IDENTITY[sdk=iphoneos*]" = "iPhone Developer";
				COPY_PHASE_STRIP = NO;
				CURRENT_PROJECT_VERSION = 1;
				DEBUG_INFORMATION_FORMAT = dwarf;
				ENABLE_STRICT_OBJC_MSGSEND = YES;
				ENABLE_TESTABILITY = YES;
				GCC_C_LANGUAGE_STANDARD = gnu99;
				GCC_DYNAMIC_NO_PIC = NO;
				GCC_NO_COMMON_BLOCKS = YES;
				GCC_OPTIMIZATION_LEVEL = 0;
				GCC_PREPROCESSOR_DEFINITIONS = (
					"DEBUG=1",
					"$(inherited)",
				);
				GCC_WARN_64_TO_32_BIT_CONVERSION = YES;
				GCC_WARN_ABOUT_RETURN_TYPE = YES_ERROR;
				GCC_WARN_UNDECLARED_SELECTOR = YES;
				GCC_WARN_UNINITIALIZED_AUTOS = YES_AGGRESSIVE;
				GCC_WARN_UNUSED_FUNCTION = YES;
				GCC_WARN_UNUSED_VARIABLE = YES;
				IPHONEOS_DEPLOYMENT_TARGET = 12.0;
				MTL_ENABLE_DEBUG_INFO = YES;
				ONLY_ACTIVE_ARCH = YES;
				SDKROOT = iphoneos;
				SWIFT_OPTIMIZATION_LEVEL = "-Onone";
				SWIFT_VERSION = 3.0;
				TARGETED_DEVICE_FAMILY = "1,2";
				VERSIONING_SYSTEM = "apple-generic";
				VERSION_INFO_PREFIX = "";
			};
			name = Debug;
		};
		14083FE01D4A953900909913 /* Release */ = {
			isa = XCBuildConfiguration;
			buildSettings = {
				ALWAYS_SEARCH_USER_PATHS = NO;
				CLANG_ANALYZER_LOCALIZABILITY_NONLOCALIZED = YES;
				CLANG_ANALYZER_NONNULL = YES;
				CLANG_CXX_LANGUAGE_STANDARD = "gnu++0x";
				CLANG_CXX_LIBRARY = "libc++";
				CLANG_ENABLE_MODULES = YES;
				CLANG_ENABLE_OBJC_ARC = YES;
				CLANG_WARN_BLOCK_CAPTURE_AUTORELEASING = YES;
				CLANG_WARN_BOOL_CONVERSION = YES;
				CLANG_WARN_COMMA = YES;
				CLANG_WARN_CONSTANT_CONVERSION = YES;
				CLANG_WARN_DEPRECATED_OBJC_IMPLEMENTATIONS = YES;
				CLANG_WARN_DIRECT_OBJC_ISA_USAGE = YES_ERROR;
				CLANG_WARN_EMPTY_BODY = YES;
				CLANG_WARN_ENUM_CONVERSION = YES;
				CLANG_WARN_INFINITE_RECURSION = YES;
				CLANG_WARN_INT_CONVERSION = YES;
				CLANG_WARN_NON_LITERAL_NULL_CONVERSION = YES;
				CLANG_WARN_OBJC_IMPLICIT_RETAIN_SELF = YES;
				CLANG_WARN_OBJC_LITERAL_CONVERSION = YES;
				CLANG_WARN_OBJC_ROOT_CLASS = YES_ERROR;
				CLANG_WARN_QUOTED_INCLUDE_IN_FRAMEWORK_HEADER = YES;
				CLANG_WARN_RANGE_LOOP_ANALYSIS = YES;
				CLANG_WARN_STRICT_PROTOTYPES = YES;
				CLANG_WARN_SUSPICIOUS_MOVE = YES;
				CLANG_WARN_UNREACHABLE_CODE = YES;
				CLANG_WARN__DUPLICATE_METHOD_MATCH = YES;
				"CODE_SIGN_IDENTITY[sdk=iphoneos*]" = "iPhone Developer";
				COPY_PHASE_STRIP = NO;
				CURRENT_PROJECT_VERSION = 1;
				DEBUG_INFORMATION_FORMAT = "dwarf-with-dsym";
				ENABLE_NS_ASSERTIONS = NO;
				ENABLE_STRICT_OBJC_MSGSEND = YES;
				GCC_C_LANGUAGE_STANDARD = gnu99;
				GCC_NO_COMMON_BLOCKS = YES;
				GCC_WARN_64_TO_32_BIT_CONVERSION = YES;
				GCC_WARN_ABOUT_RETURN_TYPE = YES_ERROR;
				GCC_WARN_UNDECLARED_SELECTOR = YES;
				GCC_WARN_UNINITIALIZED_AUTOS = YES_AGGRESSIVE;
				GCC_WARN_UNUSED_FUNCTION = YES;
				GCC_WARN_UNUSED_VARIABLE = YES;
				IPHONEOS_DEPLOYMENT_TARGET = 12.0;
				MTL_ENABLE_DEBUG_INFO = NO;
				SDKROOT = iphoneos;
				SWIFT_COMPILATION_MODE = wholemodule;
				SWIFT_OPTIMIZATION_LEVEL = "-O";
				SWIFT_VERSION = 3.0;
				TARGETED_DEVICE_FAMILY = "1,2";
				VALIDATE_PRODUCT = YES;
				VERSIONING_SYSTEM = "apple-generic";
				VERSION_INFO_PREFIX = "";
			};
			name = Release;
		};
		A000FB7D2417BFE000D06E93 /* Debug */ = {
			isa = XCBuildConfiguration;
			baseConfigurationReference = 57559918DE6EA7125CD44D36 /* Pods-Example.debug.xcconfig */;
			buildSettings = {
				ASSETCATALOG_COMPILER_APPICON_NAME = "App Icon & Top Shelf Image";
				CLANG_ANALYZER_NUMBER_OBJECT_CONVERSION = YES_AGGRESSIVE;
				CLANG_CXX_LANGUAGE_STANDARD = "gnu++14";
				CLANG_ENABLE_OBJC_WEAK = YES;
				CLANG_WARN_DOCUMENTATION_COMMENTS = YES;
				CLANG_WARN_UNGUARDED_AVAILABILITY = YES_AGGRESSIVE;
				CODE_SIGN_STYLE = Automatic;
				DEVELOPMENT_ASSET_PATHS = "\"Example/Preview Content\"";
				DEVELOPMENT_TEAM = 48J595L9BX;
				ENABLE_PREVIEWS = YES;
				GCC_C_LANGUAGE_STANDARD = gnu11;
				INFOPLIST_FILE = Example/Info.plist;
				LD_RUNPATH_SEARCH_PATHS = (
					"$(inherited)",
					"@executable_path/Frameworks",
				);
				MTL_ENABLE_DEBUG_INFO = INCLUDE_SOURCE;
				MTL_FAST_MATH = YES;
				PRODUCT_BUNDLE_IDENTIFIER = org.bsc.slides.Example;
				PRODUCT_NAME = "$(TARGET_NAME)";
				SDKROOT = appletvos;
				SWIFT_ACTIVE_COMPILATION_CONDITIONS = DEBUG;
				SWIFT_VERSION = 5.0;
				TARGETED_DEVICE_FAMILY = 3;
				TVOS_DEPLOYMENT_TARGET = 13.2;
			};
			name = Debug;
		};
		A000FB7E2417BFE000D06E93 /* Release */ = {
			isa = XCBuildConfiguration;
			baseConfigurationReference = 69665156C9B316AA6BF7EAF8 /* Pods-Example.release.xcconfig */;
			buildSettings = {
				ASSETCATALOG_COMPILER_APPICON_NAME = "App Icon & Top Shelf Image";
				CLANG_ANALYZER_NUMBER_OBJECT_CONVERSION = YES_AGGRESSIVE;
				CLANG_CXX_LANGUAGE_STANDARD = "gnu++14";
				CLANG_ENABLE_OBJC_WEAK = YES;
				CLANG_WARN_DOCUMENTATION_COMMENTS = YES;
				CLANG_WARN_UNGUARDED_AVAILABILITY = YES_AGGRESSIVE;
				CODE_SIGN_STYLE = Automatic;
				DEVELOPMENT_ASSET_PATHS = "\"Example/Preview Content\"";
				DEVELOPMENT_TEAM = 48J595L9BX;
				ENABLE_PREVIEWS = YES;
				GCC_C_LANGUAGE_STANDARD = gnu11;
				INFOPLIST_FILE = Example/Info.plist;
				LD_RUNPATH_SEARCH_PATHS = (
					"$(inherited)",
					"@executable_path/Frameworks",
				);
				MTL_FAST_MATH = YES;
				PRODUCT_BUNDLE_IDENTIFIER = org.bsc.slides.Example;
				PRODUCT_NAME = "$(TARGET_NAME)";
				SDKROOT = appletvos;
				SWIFT_VERSION = 5.0;
				TARGETED_DEVICE_FAMILY = 3;
				TVOS_DEPLOYMENT_TARGET = 13.2;
			};
			name = Release;
		};
/* End XCBuildConfiguration section */

/* Begin XCConfigurationList section */
		14083FD31D4A953900909913 /* Build configuration list for PBXProject "PDFReader" */ = {
			isa = XCConfigurationList;
			buildConfigurations = (
				14083FDF1D4A953900909913 /* Debug */,
				14083FE01D4A953900909913 /* Release */,
			);
			defaultConfigurationIsVisible = 0;
			defaultConfigurationName = Release;
		};
		A000FB7C2417BFE000D06E93 /* Build configuration list for PBXNativeTarget "Example" */ = {
			isa = XCConfigurationList;
			buildConfigurations = (
				A000FB7D2417BFE000D06E93 /* Debug */,
				A000FB7E2417BFE000D06E93 /* Release */,
			);
			defaultConfigurationIsVisible = 0;
			defaultConfigurationName = Release;
		};
/* End XCConfigurationList section */
	};
	rootObject = 14083FD01D4A953900909913 /* Project object */;
}
